
Microsoft Visual Studio Solution File, Format Version 12.00
# Visual Studio Version 17
VisualStudioVersion = 17.0.32014.148
MinimumVisualStudioVersion = 10.0.40219.1
Project("{8BC9CEB8-8B4A-11D0-8D11-00A0C91BC942}") = "pointers", "pointers\pointers.vcxproj", "{B0B09BC7-F692-4BB4-A6AA-5DD7DF0B9004}"
EndProject
Project("{8BC9CEB8-8B4A-11D0-8D11-00A0C91BC942}") = "stack", "stack\stack.vcxproj", "{2FD20289-DA24-48EC-9DE1-FACA29D923DE}"
EndProject
Global
	GlobalSection(SolutionConfigurationPlatforms) = preSolution
		Debug|x64 = Debug|x64
		Debug|x86 = Debug|x86
		Release|x64 = Release|x64
		Release|x86 = Release|x86
	EndGlobalSection
	GlobalSection(ProjectConfigurationPlatforms) = postSolution
		{B0B09BC7-F692-4BB4-A6AA-5DD7DF0B9004}.Debug|x64.ActiveCfg = Debug|x64
		{B0B09BC7-F692-4BB4-A6AA-5DD7DF0B9004}.Debug|x64.Build.0 = Debug|x64
		{B0B09BC7-F692-4BB4-A6AA-5DD7DF0B9004}.Debug|x86.ActiveCfg = Debug|Win32
		{B0B09BC7-F692-4BB4-A6AA-5DD7DF0B9004}.Debug|x86.Build.0 = Debug|Win32
		{B0B09BC7-F692-4BB4-A6AA-5DD7DF0B9004}.Release|x64.ActiveCfg = Release|x64
		{B0B09BC7-F692-4BB4-A6AA-5DD7DF0B9004}.Release|x64.Build.0 = Release|x64
		{B0B09BC7-F692-4BB4-A6AA-5DD7DF0B9004}.Release|x86.ActiveCfg = Release|Win32
		{B0B09BC7-F692-4BB4-A6AA-5DD7DF0B9004}.Release|x86.Build.0 = Release|Win32
		{2FD20289-DA24-48EC-9DE1-FACA29D923DE}.Debug|x64.ActiveCfg = Debug|x64
		{2FD20289-DA24-48EC-9DE1-FACA29D923DE}.Debug|x64.Build.0 = Debug|x64
		{2FD20289-DA24-48EC-9DE1-FACA29D923DE}.Debug|x86.ActiveCfg = Debug|Win32
		{2FD20289-DA24-48EC-9DE1-FACA29D923DE}.Debug|x86.Build.0 = Debug|Win32
		{2FD20289-DA24-48EC-9DE1-FACA29D923DE}.Release|x64.ActiveCfg = Release|x64
		{2FD20289-DA24-48EC-9DE1-FACA29D923DE}.Release|x64.Build.0 = Release|x64
		{2FD20289-DA24-48EC-9DE1-FACA29D923DE}.Release|x86.ActiveCfg = Release|Win32
		{2FD20289-DA24-48EC-9DE1-FACA29D923DE}.Release|x86.Build.0 = Release|Win32
	EndGlobalSection
	GlobalSection(SolutionProperties) = preSolution
		HideSolutionNode = FALSE
	EndGlobalSection
	GlobalSection(ExtensibilityGlobals) = postSolution
		SolutionGuid = {C9BC62E1-8A4C-46F8-987C-068E8492C361}
	EndGlobalSection
EndGlobal
